// !$*UTF8*$!
{
	archiveVersion = 1;
	classes = {
	};
	objectVersion = 50;
	objects = {

/* Begin PBXBuildFile section */
		934E9D7E21E58E79009FB17C /* Views.swift in Sources */ = {isa = PBXBuildFile; fileRef = 934E9D7D21E58E79009FB17C /* Views.swift */; };
		934E9D8021E5C979009FB17C /* ProfileViewController.swift in Sources */ = {isa = PBXBuildFile; fileRef = 934E9D7F21E5C979009FB17C /* ProfileViewController.swift */; };
		934E9D8221E5E38F009FB17C /* EditProfileViewController.swift in Sources */ = {isa = PBXBuildFile; fileRef = 934E9D8121E5E38F009FB17C /* EditProfileViewController.swift */; };
		93B18FC321E643BC006DA8DC /* Stateful.swift in Sources */ = {isa = PBXBuildFile; fileRef = 93B18FC221E643BC006DA8DC /* Stateful.swift */; };
		93B18FC521E647BD006DA8DC /* MainTabBarController.swift in Sources */ = {isa = PBXBuildFile; fileRef = 93B18FC421E647BD006DA8DC /* MainTabBarController.swift */; };
		93E524B921B7A27E0066FAAC /* StateController.swift in Sources */ = {isa = PBXBuildFile; fileRef = 93E524B821B7A27E0066FAAC /* StateController.swift */; };
		93FE193821B26ADC0082326C /* AppDelegate.swift in Sources */ = {isa = PBXBuildFile; fileRef = 93FE193721B26ADC0082326C /* AppDelegate.swift */; };
		93FE193A21B26ADC0082326C /* QuestionViewController.swift in Sources */ = {isa = PBXBuildFile; fileRef = 93FE193921B26ADC0082326C /* QuestionViewController.swift */; };
		93FE193D21B26ADC0082326C /* Main.storyboard in Resources */ = {isa = PBXBuildFile; fileRef = 93FE193B21B26ADC0082326C /* Main.storyboard */; };
		93FE193F21B26ADD0082326C /* Assets.xcassets in Resources */ = {isa = PBXBuildFile; fileRef = 93FE193E21B26ADD0082326C /* Assets.xcassets */; };
		93FE194221B26ADD0082326C /* LaunchScreen.storyboard in Resources */ = {isa = PBXBuildFile; fileRef = 93FE194021B26ADD0082326C /* LaunchScreen.storyboard */; };
		93FE195021B51FD90082326C /* Model.swift in Sources */ = {isa = PBXBuildFile; fileRef = 93FE194F21B51FD90082326C /* Model.swift */; };
/* End PBXBuildFile section */

/* Begin PBXFileReference section */
		934E9D7D21E58E79009FB17C /* Views.swift */ = {isa = PBXFileReference; lastKnownFileType = sourcecode.swift; path = Views.swift; sourceTree = "<group>"; };
		934E9D7F21E5C979009FB17C /* ProfileViewController.swift */ = {isa = PBXFileReference; lastKnownFileType = sourcecode.swift; path = ProfileViewController.swift; sourceTree = "<group>"; };
		934E9D8121E5E38F009FB17C /* EditProfileViewController.swift */ = {isa = PBXFileReference; lastKnownFileType = sourcecode.swift; path = EditProfileViewController.swift; sourceTree = "<group>"; };
		93B18FC221E643BC006DA8DC /* Stateful.swift */ = {isa = PBXFileReference; lastKnownFileType = sourcecode.swift; path = Stateful.swift; sourceTree = "<group>"; };
		93B18FC421E647BD006DA8DC /* MainTabBarController.swift */ = {isa = PBXFileReference; lastKnownFileType = sourcecode.swift; path = MainTabBarController.swift; sourceTree = "<group>"; };
		93E524B821B7A27E0066FAAC /* StateController.swift */ = {isa = PBXFileReference; lastKnownFileType = sourcecode.swift; path = "\U0010StateController.swift"; sourceTree = "<group>"; };
		93FE193421B26ADC0082326C /* LifeHacksApp.app */ = {isa = PBXFileReference; explicitFileType = wrapper.application; includeInIndex = 0; path = LifeHacksApp.app; sourceTree = BUILT_PRODUCTS_DIR; };
		93FE193721B26ADC0082326C /* AppDelegate.swift */ = {isa = PBXFileReference; lastKnownFileType = sourcecode.swift; path = AppDelegate.swift; sourceTree = "<group>"; };
		93FE193921B26ADC0082326C /* QuestionViewController.swift */ = {isa = PBXFileReference; lastKnownFileType = sourcecode.swift; path = QuestionViewController.swift; sourceTree = "<group>"; };
		93FE193C21B26ADC0082326C /* Base */ = {isa = PBXFileReference; lastKnownFileType = file.storyboard; name = Base; path = Base.lproj/Main.storyboard; sourceTree = "<group>"; };
		93FE193E21B26ADD0082326C /* Assets.xcassets */ = {isa = PBXFileReference; lastKnownFileType = folder.assetcatalog; path = Assets.xcassets; sourceTree = "<group>"; };
		93FE194121B26ADD0082326C /* Base */ = {isa = PBXFileReference; lastKnownFileType = file.storyboard; name = Base; path = Base.lproj/LaunchScreen.storyboard; sourceTree = "<group>"; };
		93FE194321B26ADD0082326C /* Info.plist */ = {isa = PBXFileReference; lastKnownFileType = text.plist.xml; path = Info.plist; sourceTree = "<group>"; };
		93FE194F21B51FD90082326C /* Model.swift */ = {isa = PBXFileReference; lastKnownFileType = sourcecode.swift; path = Model.swift; sourceTree = "<group>"; };
/* End PBXFileReference section */

/* Begin PBXFrameworksBuildPhase section */
		93FE193121B26ADC0082326C /* Frameworks */ = {
			isa = PBXFrameworksBuildPhase;
			buildActionMask = 2147483647;
			files = (
			);
			runOnlyForDeploymentPostprocessing = 0;
		};
/* End PBXFrameworksBuildPhase section */

/* Begin PBXGroup section */
		93FE192B21B26ADC0082326C = {
			isa = PBXGroup;
			children = (
				93FE193621B26ADC0082326C /* LifeHacksApp */,
				93FE193521B26ADC0082326C /* Products */,
			);
			sourceTree = "<group>";
		};
		93FE193521B26ADC0082326C /* Products */ = {
			isa = PBXGroup;
			children = (
				93FE193421B26ADC0082326C /* LifeHacksApp.app */,
			);
			name = Products;
			sourceTree = "<group>";
		};
		93FE193621B26ADC0082326C /* LifeHacksApp */ = {
			isa = PBXGroup;
			children = (
				93FE193721B26ADC0082326C /* AppDelegate.swift */,
				93FE193B21B26ADC0082326C /* Main.storyboard */,
				93FE193E21B26ADD0082326C /* Assets.xcassets */,
				93FE194021B26ADD0082326C /* LaunchScreen.storyboard */,
				93FE194321B26ADD0082326C /* Info.plist */,
				93FE193921B26ADC0082326C /* QuestionViewController.swift */,
				93FE194F21B51FD90082326C /* Model.swift */,
				93E524B821B7A27E0066FAAC /* StateController.swift */,
				934E9D7D21E58E79009FB17C /* Views.swift */,
				934E9D7F21E5C979009FB17C /* ProfileViewController.swift */,
				934E9D8121E5E38F009FB17C /* EditProfileViewController.swift */,
				93B18FC221E643BC006DA8DC /* Stateful.swift */,
				93B18FC421E647BD006DA8DC /* MainTabBarController.swift */,
			);
			path = LifeHacksApp;
			sourceTree = "<group>";
		};
/* End PBXGroup section */

/* Begin PBXNativeTarget section */
		93FE193321B26ADC0082326C /* LifeHacksApp */ = {
			isa = PBXNativeTarget;
			buildConfigurationList = 93FE194621B26ADD0082326C /* Build configuration list for PBXNativeTarget "LifeHacksApp" */;
			buildPhases = (
				93FE193021B26ADC0082326C /* Sources */,
				93FE193121B26ADC0082326C /* Frameworks */,
				93FE193221B26ADC0082326C /* Resources */,
			);
			buildRules = (
			);
			dependencies = (
			);
			name = LifeHacksApp;
			productName = LifeHacksApp;
			productReference = 93FE193421B26ADC0082326C /* LifeHacksApp.app */;
			productType = "com.apple.product-type.application";
		};
/* End PBXNativeTarget section */

/* Begin PBXProject section */
		93FE192C21B26ADC0082326C /* Project object */ = {
			isa = PBXProject;
			attributes = {
				LastSwiftUpdateCheck = 1010;
				LastUpgradeCheck = 1010;
				ORGANIZATIONNAME = zombietux;
				TargetAttributes = {
					93FE193321B26ADC0082326C = {
						CreatedOnToolsVersion = 10.1;
					};
				};
			};
			buildConfigurationList = 93FE192F21B26ADC0082326C /* Build configuration list for PBXProject "LifeHacksApp" */;
			compatibilityVersion = "Xcode 9.3";
			developmentRegion = en;
			hasScannedForEncodings = 0;
			knownRegions = (
				en,
				Base,
			);
			mainGroup = 93FE192B21B26ADC0082326C;
			productRefGroup = 93FE193521B26ADC0082326C /* Products */;
			projectDirPath = "";
			projectRoot = "";
			targets = (
				93FE193321B26ADC0082326C /* LifeHacksApp */,
			);
		};
/* End PBXProject section */

/* Begin PBXResourcesBuildPhase section */
		93FE193221B26ADC0082326C /* Resources */ = {
			isa = PBXResourcesBuildPhase;
			buildActionMask = 2147483647;
			files = (
				93FE194221B26ADD0082326C /* LaunchScreen.storyboard in Resources */,
				93FE193F21B26ADD0082326C /* Assets.xcassets in Resources */,
				93FE193D21B26ADC0082326C /* Main.storyboard in Resources */,
			);
			runOnlyForDeploymentPostprocessing = 0;
		};
/* End PBXResourcesBuildPhase section */

/* Begin PBXSourcesBuildPhase section */
		93FE193021B26ADC0082326C /* Sources */ = {
			isa = PBXSourcesBuildPhase;
			buildActionMask = 2147483647;
			files = (
				934E9D8021E5C979009FB17C /* ProfileViewController.swift in Sources */,
				93B18FC321E643BC006DA8DC /* Stateful.swift in Sources */,
				93B18FC521E647BD006DA8DC /* MainTabBarController.swift in Sources */,
				934E9D7E21E58E79009FB17C /* Views.swift in Sources */,
				93FE195021B51FD90082326C /* Model.swift in Sources */,
				93FE193A21B26ADC0082326C /* QuestionViewController.swift in Sources */,
				93E524B921B7A27E0066FAAC /* StateController.swift in Sources */,
				93FE193821B26ADC0082326C /* AppDelegate.swift in Sources */,
				934E9D8221E5E38F009FB17C /* EditProfileViewController.swift in Sources */,
			);
			runOnlyForDeploymentPostprocessing = 0;
		};
/* End PBXSourcesBuildPhase section */

/* Begin PBXVariantGroup section */
		93FE193B21B26ADC0082326C /* Main.storyboard */ = {
			isa = PBXVariantGroup;
			children = (
				93FE193C21B26ADC0082326C /* Base */,
			);
			name = Main.storyboard;
			sourceTree = "<group>";
		};
		93FE194021B26ADD0082326C /* LaunchScreen.storyboard */ = {
			isa = PBXVariantGroup;
			children = (
				93FE194121B26ADD0082326C /* Base */,
			);
			name = LaunchScreen.storyboard;
			sourceTree = "<group>";
		};
/* End PBXVariantGroup section */

/* Begin XCBuildConfiguration section */
		93FE194421B26ADD0082326C /* Debug */ = {
			isa = XCBuildConfiguration;
			buildSettings = {
				ALWAYS_SEARCH_USER_PATHS = NO;
				CLANG_ANALYZER_NONNULL = YES;
				CLANG_ANALYZER_NUMBER_OBJECT_CONVERSION = YES_AGGRESSIVE;
				CLANG_CXX_LANGUAGE_STANDARD = "gnu++14";
				CLANG_CXX_LIBRARY = "libc++";
				CLANG_ENABLE_MODULES = YES;
				CLANG_ENABLE_OBJC_ARC = YES;
				CLANG_ENABLE_OBJC_WEAK = YES;
				CLANG_WARN_BLOCK_CAPTURE_AUTORELEASING = YES;
				CLANG_WARN_BOOL_CONVERSION = YES;
				CLANG_WARN_COMMA = YES;
				CLANG_WARN_CONSTANT_CONVERSION = YES;
				CLANG_WARN_DEPRECATED_OBJC_IMPLEMENTATIONS = YES;
				CLANG_WARN_DIRECT_OBJC_ISA_USAGE = YES_ERROR;
				CLANG_WARN_DOCUMENTATION_COMMENTS = YES;
				CLANG_WARN_EMPTY_BODY = YES;
				CLANG_WARN_ENUM_CONVERSION = YES;
				CLANG_WARN_INFINITE_RECURSION = YES;
				CLANG_WARN_INT_CONVERSION = YES;
				CLANG_WARN_NON_LITERAL_NULL_CONVERSION = YES;
				CLANG_WARN_OBJC_IMPLICIT_RETAIN_SELF = YES;
				CLANG_WARN_OBJC_LITERAL_CONVERSION = YES;
				CLANG_WARN_OBJC_ROOT_CLASS = YES_ERROR;
				CLANG_WARN_RANGE_LOOP_ANALYSIS = YES;
				CLANG_WARN_STRICT_PROTOTYPES = YES;
				CLANG_WARN_SUSPICIOUS_MOVE = YES;
				CLANG_WARN_UNGUARDED_AVAILABILITY = YES_AGGRESSIVE;
				CLANG_WARN_UNREACHABLE_CODE = YES;
				CLANG_WARN__DUPLICATE_METHOD_MATCH = YES;
				CODE_SIGN_IDENTITY = "iPhone Developer";
				COPY_PHASE_STRIP = NO;
				DEBUG_INFORMATION_FORMAT = dwarf;
				ENABLE_STRICT_OBJC_MSGSEND = YES;
				ENABLE_TESTABILITY = YES;
				GCC_C_LANGUAGE_STANDARD = gnu11;
				GCC_DYNAMIC_NO_PIC = NO;
				GCC_NO_COMMON_BLOCKS = YES;
				GCC_OPTIMIZATION_LEVEL = 0;
				GCC_PREPROCESSOR_DEFINITIONS = (
					"DEBUG=1",
					"$(inherited)",
				);
				GCC_WARN_64_TO_32_BIT_CONVERSION = YES;
				GCC_WARN_ABOUT_RETURN_TYPE = YES_ERROR;
				GCC_WARN_UNDECLARED_SELECTOR = YES;
				GCC_WARN_UNINITIALIZED_AUTOS = YES_AGGRESSIVE;
				GCC_WARN_UNUSED_FUNCTION = YES;
				GCC_WARN_UNUSED_VARIABLE = YES;
				IPHONEOS_DEPLOYMENT_TARGET = 12.1;
				MTL_ENABLE_DEBUG_INFO = INCLUDE_SOURCE;
				MTL_FAST_MATH = YES;
				ONLY_ACTIVE_ARCH = YES;
				SDKROOT = iphoneos;
				SWIFT_ACTIVE_COMPILATION_CONDITIONS = DEBUG;
				SWIFT_OPTIMIZATION_LEVEL = "-Onone";
			};
			name = Debug;
		};
		93FE194521B26ADD0082326C /* Release */ = {
			isa = XCBuildConfiguration;
			buildSettings = {
				ALWAYS_SEARCH_USER_PATHS = NO;
				CLANG_ANALYZER_NONNULL = YES;
				CLANG_ANALYZER_NUMBER_OBJECT_CONVERSION = YES_AGGRESSIVE;
				CLANG_CXX_LANGUAGE_STANDARD = "gnu++14";
				CLANG_CXX_LIBRARY = "libc++";
				CLANG_ENABLE_MODULES = YES;
				CLANG_ENABLE_OBJC_ARC = YES;
				CLANG_ENABLE_OBJC_WEAK = YES;
				CLANG_WARN_BLOCK_CAPTURE_AUTORELEASING = YES;
				CLANG_WARN_BOOL_CONVERSION = YES;
				CLANG_WARN_COMMA = YES;
				CLANG_WARN_CONSTANT_CONVERSION = YES;
				CLANG_WARN_DEPRECATED_OBJC_IMPLEMENTATIONS = YES;
				CLANG_WARN_DIRECT_OBJC_ISA_USAGE = YES_ERROR;
				CLANG_WARN_DOCUMENTATION_COMMENTS = YES;
				CLANG_WARN_EMPTY_BODY = YES;
				CLANG_WARN_ENUM_CONVERSION = YES;
				CLANG_WARN_INFINITE_RECURSION = YES;
				CLANG_WARN_INT_CONVERSION = YES;
				CLANG_WARN_NON_LITERAL_NULL_CONVERSION = YES;
				CLANG_WARN_OBJC_IMPLICIT_RETAIN_SELF = YES;
				CLANG_WARN_OBJC_LITERAL_CONVERSION = YES;
				CLANG_WARN_OBJC_ROOT_CLASS = YES_ERROR;
				CLANG_WARN_RANGE_LOOP_ANALYSIS = YES;
				CLANG_WARN_STRICT_PROTOTYPES = YES;
				CLANG_WARN_SUSPICIOUS_MOVE = YES;
				CLANG_WARN_UNGUARDED_AVAILABILITY = YES_AGGRESSIVE;
				CLANG_WARN_UNREACHABLE_CODE = YES;
				CLANG_WARN__DUPLICATE_METHOD_MATCH = YES;
				CODE_SIGN_IDENTITY = "iPhone Developer";
				COPY_PHASE_STRIP = NO;
				DEBUG_INFORMATION_FORMAT = "dwarf-with-dsym";
				ENABLE_NS_ASSERTIONS = NO;
				ENABLE_STRICT_OBJC_MSGSEND = YES;
				GCC_C_LANGUAGE_STANDARD = gnu11;
				GCC_NO_COMMON_BLOCKS = YES;
				GCC_WARN_64_TO_32_BIT_CONVERSION = YES;
				GCC_WARN_ABOUT_RETURN_TYPE = YES_ERROR;
				GCC_WARN_UNDECLARED_SELECTOR = YES;
				GCC_WARN_UNINITIALIZED_AUTOS = YES_AGGRESSIVE;
				GCC_WARN_UNUSED_FUNCTION = YES;
				GCC_WARN_UNUSED_VARIABLE = YES;
				IPHONEOS_DEPLOYMENT_TARGET = 12.1;
				MTL_ENABLE_DEBUG_INFO = NO;
				MTL_FAST_MATH = YES;
				SDKROOT = iphoneos;
				SWIFT_COMPILATION_MODE = wholemodule;
				SWIFT_OPTIMIZATION_LEVEL = "-O";
				VALIDATE_PRODUCT = YES;
			};
			name = Release;
		};
		93FE194721B26ADD0082326C /* Debug */ = {
			isa = XCBuildConfiguration;
			buildSettings = {
				ASSETCATALOG_COMPILER_APPICON_NAME = AppIcon;
				CODE_SIGN_STYLE = Automatic;
				DEVELOPMENT_TEAM = 8G43M5CX79;
				INFOPLIST_FILE = LifeHacksApp/Info.plist;
				LD_RUNPATH_SEARCH_PATHS = (
					"$(inherited)",
					"@executable_path/Frameworks",
				);
				PRODUCT_BUNDLE_IDENTIFIER = kr.zombietux.LifeHacksApp;
				PRODUCT_NAME = "$(TARGET_NAME)";
				SWIFT_VERSION = 4.2;
				TARGETED_DEVICE_FAMILY = "1,2";
			};
			name = Debug;
		};
		93FE194821B26ADD0082326C /* Release */ = {
			isa = XCBuildConfiguration;
			buildSettings = {
				ASSETCATALOG_COMPILER_APPICON_NAME = AppIcon;
				CODE_SIGN_STYLE = Automatic;
				DEVELOPMENT_TEAM = 8G43M5CX79;
				INFOPLIST_FILE = LifeHacksApp/Info.plist;
				LD_RUNPATH_SEARCH_PATHS = (
					"$(inherited)",
					"@executable_path/Frameworks",
				);
				PRODUCT_BUNDLE_IDENTIFIER = kr.zombietux.LifeHacksApp;
				PRODUCT_NAME = "$(TARGET_NAME)";
				SWIFT_VERSION = 4.2;
				TARGETED_DEVICE_FAMILY = "1,2";
			};
			name = Release;
		};
/* End XCBuildConfiguration section */

/* Begin XCConfigurationList section */
		93FE192F21B26ADC0082326C /* Build configuration list for PBXProject "LifeHacksApp" */ = {
			isa = XCConfigurationList;
			buildConfigurations = (
				93FE194421B26ADD0082326C /* Debug */,
				93FE194521B26ADD0082326C /* Release */,
			);
			defaultConfigurationIsVisible = 0;
			defaultConfigurationName = Release;
		};
		93FE194621B26ADD0082326C /* Build configuration list for PBXNativeTarget "LifeHacksApp" */ = {
			isa = XCConfigurationList;
			buildConfigurations = (
				93FE194721B26ADD0082326C /* Debug */,
				93FE194821B26ADD0082326C /* Release */,
			);
			defaultConfigurationIsVisible = 0;
			defaultConfigurationName = Release;
		};
/* End XCConfigurationList section */
	};
	rootObject = 93FE192C21B26ADC0082326C /* Project object */;
}
